Microsoft Visual Studio Solution File, Format Version 12.00
# Visual Studio Version 16
VisualStudioVersion = 16.0.30309.148
MinimumVisualStudioVersion = 15.0.26124.0
Project("{2150E333-8FDC-42A3-9474-1A3956D46DE8}") = "src", "src", "{B6CCF624-686A-4A1F-A03B-6EAEB8C89058}"
EndProject
Project("{2150E333-8FDC-42A3-9474-1A3956D46DE8}") = "Solution Items", "Solution Items", "{9A72F9D4-FAA3-46B8-9709-CCB2AA5F7F39}"
	ProjectSection(SolutionItems) = preProject
		README.md = README.md
	EndProjectSection
EndProject
Project("{2150E333-8FDC-42A3-9474-1A3956D46DE8}") = "tests", "tests", "{3E50C785-2016-4C50-BB34-65C2E079F878}"
EndProject
Project("{9A19103F-16F7-4668-BE54-9A1E7A4F7556}") = "ESOC.CLTPull.ExecutionEngine.Test", "tests\ESOC.CLTPull.ExecutionEngine.Test\ESOC.CLTPull.ExecutionEngine.Test.csproj", "{25A9F819-85E8-4FC2-908B-0C871B57033C}"
EndProject
Project("{9A19103F-16F7-4668-BE54-9A1E7A4F7556}") = "ESOC.CLTPull.ExecutionEngine.DataExtractionRules", "ESOC.CLTPull.ExecutionEngine.DataExtractionRules\ESOC.CLTPull.ExecutionEngine.DataExtractionRules.csproj", "{0D6B2BA5-ECA4-446D-8604-238D61CCE76B}"
EndProject
Project("{9A19103F-16F7-4668-BE54-9A1E7A4F7556}") = "ESOC.CLT.ExecutionEngine.Infrastructure.Data", "ESOC.CLT.ExecutionEngine.Infrastructure.Data\ESOC.CLT.ExecutionEngine.Infrastructure.Data.csproj", "{3D9ECD05-708B-4AC9-ABE3-4DA5ECDB8750}"
EndProject
Project("{9A19103F-16F7-4668-BE54-9A1E7A4F7556}") = "ESOC.CLTPull.ExecutionEngine.Repository", "ESOC.CLTPull.ExecutionEngine.Repository\ESOC.CLTPull.ExecutionEngine.Repository.csproj", "{3B105477-C29F-444C-A95E-08B861E4C002}"
EndProject
Project("{9A19103F-16F7-4668-BE54-9A1E7A4F7556}") = "ESOC.CLTPull.ExecutionEngine.ResultProcessing", "ESOC.CLTPull.ExecutionEngine.ResultProcessing\ESOC.CLTPull.ExecutionEngine.ResultProcessing.csproj", "{627DE11D-20C5-45D4-AE82-0E23BE0744B8}"
EndProject
Project("{9A19103F-16F7-4668-BE54-9A1E7A4F7556}") = "ESOC.CLTPull.ExecutionEngine.Alerting", "ESOC.CLTPull.ExecutionEngine.Alerting\ESOC.CLTPull.ExecutionEngine.Alerting.csproj", "{7AEA5058-C1CA-4A01-B9DF-A4F7D5F76B6E}"
EndProject
Project("{9A19103F-16F7-4668-BE54-9A1E7A4F7556}") = "ESOC.CLTPull.ExecutionEngine.API", "ESOC.CLTPull.ExecutionEngine.API\ESOC.CLTPull.ExecutionEngine.API.csproj", "{BEAB19C0-9C9C-4302-9049-F92D67A922AA}"
EndProject
Project("{9A19103F-16F7-4668-BE54-9A1E7A4F7556}") = "ESOC.CLTPull.ExecutionEngine.Core", "ESOC.CLTPull.ExecutionEngine.Core\ESOC.CLTPull.ExecutionEngine.Core.csproj", "{811F9D66-4CA2-469E-895E-9583D95F3D9E}"
EndProject
Project("{FAE04EC0-301F-11D3-BF4B-00C04F79EFBC}") = "ESOC.CLTPull.ExecutionEngine.BusinessRules", "ESOC.CLTPull.ExecutionEngine.BusinessRules\ESOC.CLTPull.ExecutionEngine.BusinessRules.csproj", "{4B119221-4BCB-4004-B70F-0FA0AA945004}"
EndProject
Global
	GlobalSection(SolutionConfigurationPlatforms) = preSolution
		Debug|Any CPU = Debug|Any CPU
		Release|Any CPU = Release|Any CPU
	EndGlobalSection
	GlobalSection(ProjectConfigurationPlatforms) = postSolution
		{25A9F819-85E8-4FC2-908B-0C871B57033C}.Debug|Any CPU.ActiveCfg = Debug|Any CPU
		{25A9F819-85E8-4FC2-908B-0C871B57033C}.Debug|Any CPU.Build.0 = Debug|Any CPU
		{25A9F819-85E8-4FC2-908B-0C871B57033C}.Release|Any CPU.ActiveCfg = Release|Any CPU
		{25A9F819-85E8-4FC2-908B-0C871B57033C}.Release|Any CPU.Build.0 = Release|Any CPU
		{0D6B2BA5-ECA4-446D-8604-238D61CCE76B}.Debug|Any CPU.ActiveCfg = Debug|Any CPU
		{0D6B2BA5-ECA4-446D-8604-238D61CCE76B}.Debug|Any CPU.Build.0 = Debug|Any CPU
		{0D6B2BA5-ECA4-446D-8604-238D61CCE76B}.Release|Any CPU.ActiveCfg = Release|Any CPU
		{0D6B2BA5-ECA4-446D-8604-238D61CCE76B}.Release|Any CPU.Build.0 = Release|Any CPU
		{3D9ECD05-708B-4AC9-ABE3-4DA5ECDB8750}.Debug|Any CPU.ActiveCfg = Debug|Any CPU
		{3D9ECD05-708B-4AC9-ABE3-4DA5ECDB8750}.Debug|Any CPU.Build.0 = Debug|Any CPU
		{3D9ECD05-708B-4AC9-ABE3-4DA5ECDB8750}.Release|Any CPU.ActiveCfg = Release|Any CPU
		{3D9ECD05-708B-4AC9-ABE3-4DA5ECDB8750}.Release|Any CPU.Build.0 = Release|Any CPU
		{3B105477-C29F-444C-A95E-08B861E4C002}.Debug|Any CPU.ActiveCfg = Debug|Any CPU
		{3B105477-C29F-444C-A95E-08B861E4C002}.Debug|Any CPU.Build.0 = Debug|Any CPU
		{3B105477-C29F-444C-A95E-08B861E4C002}.Release|Any CPU.ActiveCfg = Release|Any CPU
		{3B105477-C29F-444C-A95E-08B861E4C002}.Release|Any CPU.Build.0 = Release|Any CPU
		{627DE11D-20C5-45D4-AE82-0E23BE0744B8}.Debug|Any CPU.ActiveCfg = Debug|Any CPU
		{627DE11D-20C5-45D4-AE82-0E23BE0744B8}.Debug|Any CPU.Build.0 = Debug|Any CPU
		{627DE11D-20C5-45D4-AE82-0E23BE0744B8}.Release|Any CPU.ActiveCfg = Release|Any CPU
		{627DE11D-20C5-45D4-AE82-0E23BE0744B8}.Release|Any CPU.Build.0 = Release|Any CPU
		{7AEA5058-C1CA-4A01-B9DF-A4F7D5F76B6E}.Debug|Any CPU.ActiveCfg = Debug|Any CPU
		{7AEA5058-C1CA-4A01-B9DF-A4F7D5F76B6E}.Debug|Any CPU.Build.0 = Debug|Any CPU
		{7AEA5058-C1CA-4A01-B9DF-A4F7D5F76B6E}.Release|Any CPU.ActiveCfg = Release|Any CPU
		{7AEA5058-C1CA-4A01-B9DF-A4F7D5F76B6E}.Release|Any CPU.Build.0 = Release|Any CPU
		{BEAB19C0-9C9C-4302-9049-F92D67A922AA}.Debug|Any CPU.ActiveCfg = Debug|Any CPU
		{BEAB19C0-9C9C-4302-9049-F92D67A922AA}.Debug|Any CPU.Build.0 = Debug|Any CPU
		{BEAB19C0-9C9C-4302-9049-F92D67A922AA}.Release|Any CPU.ActiveCfg = Release|Any CPU
		{BEAB19C0-9C9C-4302-9049-F92D67A922AA}.Release|Any CPU.Build.0 = Release|Any CPU
		{811F9D66-4CA2-469E-895E-9583D95F3D9E}.Debug|Any CPU.ActiveCfg = Debug|Any CPU
		{811F9D66-4CA2-469E-895E-9583D95F3D9E}.Debug|Any CPU.Build.0 = Debug|Any CPU
		{811F9D66-4CA2-469E-895E-9583D95F3D9E}.Release|Any CPU.ActiveCfg = Release|Any CPU
		{811F9D66-4CA2-469E-895E-9583D95F3D9E}.Release|Any CPU.Build.0 = Release|Any CPU
		{4B119221-4BCB-4004-B70F-0FA0AA945004}.Debug|Any CPU.ActiveCfg = Debug|Any CPU
		{4B119221-4BCB-4004-B70F-0FA0AA945004}.Debug|Any CPU.Build.0 = Debug|Any CPU
		{4B119221-4BCB-4004-B70F-0FA0AA945004}.Release|Any CPU.ActiveCfg = Release|Any CPU
		{4B119221-4BCB-4004-B70F-0FA0AA945004}.Release|Any CPU.Build.0 = Release|Any CPU
	EndGlobalSection
	GlobalSection(SolutionProperties) = preSolution
		HideSolutionNode = FALSE
	EndGlobalSection
	GlobalSection(NestedProjects) = preSolution
		{3E50C785-2016-4C50-BB34-65C2E079F878} = {B6CCF624-686A-4A1F-A03B-6EAEB8C89058}
		{25A9F819-85E8-4FC2-908B-0C871B57033C} = {3E50C785-2016-4C50-BB34-65C2E079F878}
		{0D6B2BA5-ECA4-446D-8604-238D61CCE76B} = {B6CCF624-686A-4A1F-A03B-6EAEB8C89058}
		{3D9ECD05-708B-4AC9-ABE3-4DA5ECDB8750} = {B6CCF624-686A-4A1F-A03B-6EAEB8C89058}
		{3B105477-C29F-444C-A95E-08B861E4C002} = {B6CCF624-686A-4A1F-A03B-6EAEB8C89058}
		{627DE11D-20C5-45D4-AE82-0E23BE0744B8} = {B6CCF624-686A-4A1F-A03B-6EAEB8C89058}
		{7AEA5058-C1CA-4A01-B9DF-A4F7D5F76B6E} = {B6CCF624-686A-4A1F-A03B-6EAEB8C89058}
		{BEAB19C0-9C9C-4302-9049-F92D67A922AA} = {B6CCF624-686A-4A1F-A03B-6EAEB8C89058}
		{811F9D66-4CA2-469E-895E-9583D95F3D9E} = {B6CCF624-686A-4A1F-A03B-6EAEB8C89058}
		{4B119221-4BCB-4004-B70F-0FA0AA945004} = {B6CCF624-686A-4A1F-A03B-6EAEB8C89058}
	EndGlobalSection
	GlobalSection(ExtensibilityGlobals) = postSolution
		SolutionGuid = {2B2577FE-9D36-4091-BF7C-07A13C302E06}
	EndGlobalSection
EndGlobal
